
Microsoft Visual Studio Solution File, Format Version 12.00
# Visual Studio 15
VisualStudioVersion = 15.0.28307.757
MinimumVisualStudioVersion = 10.0.40219.1
Project("{FAE04EC0-301F-11D3-BF4B-00C04F79EFBC}") = "newPower", "newPower\newPower.csproj", "{A58E470D-BFCD-42D9-8BD1-A09B788581B0}"
EndProject
Global
	GlobalSection(SolutionConfigurationPlatforms) = preSolution
		Debug|Any CPU = Debug|Any CPU
		Release|Any CPU = Release|Any CPU
	EndGlobalSection
	GlobalSection(ProjectConfigurationPlatforms) = postSolution
		{A58E470D-BFCD-42D9-8BD1-A09B788581B0}.Debug|Any CPU.ActiveCfg = Debug|Any CPU
		{A58E470D-BFCD-42D9-8BD1-A09B788581B0}.Debug|Any CPU.Build.0 = Debug|Any CPU
		{A58E470D-BFCD-42D9-8BD1-A09B788581B0}.Release|Any CPU.ActiveCfg = Release|Any CPU
		{A58E470D-BFCD-42D9-8BD1-A09B788581B0}.Release|Any CPU.Build.0 = Release|Any CPU
	EndGlobalSection
	GlobalSection(SolutionProperties) = preSolution
		HideSolutionNode = FALSE
	EndGlobalSection
	GlobalSection(ExtensibilityGlobals) = postSolution
		SolutionGuid = {2FF513C1-9731-4179-86D2-FEE56927F45A}
	EndGlobalSection
EndGlobal
